
Microsoft Visual Studio Solution File, Format Version 12.00
# Visual Studio Version 16
VisualStudioVersion = 16.0.29613.14
MinimumVisualStudioVersion = 10.0.40219.1
Project("{FAE04EC0-301F-11D3-BF4B-00C04F79EFBC}") = "CWSB.Services.Api", "src\Api\CWSB.Services.Api\CWSB.Services.Api.csproj", "{329B12A8-6E18-4CFC-9493-AABB594B86A0}"
EndProject
Global
	GlobalSection(SolutionConfigurationPlatforms) = preSolution
		Debug|Any CPU = Debug|Any CPU
		Release|Any CPU = Release|Any CPU
	EndGlobalSection
	GlobalSection(ProjectConfigurationPlatforms) = postSolution
		{329B12A8-6E18-4CFC-9493-AABB594B86A0}.Debug|Any CPU.ActiveCfg = Debug|Any CPU
		{329B12A8-6E18-4CFC-9493-AABB594B86A0}.Debug|Any CPU.Build.0 = Debug|Any CPU
		{329B12A8-6E18-4CFC-9493-AABB594B86A0}.Release|Any CPU.ActiveCfg = Release|Any CPU
		{329B12A8-6E18-4CFC-9493-AABB594B86A0}.Release|Any CPU.Build.0 = Release|Any CPU
	EndGlobalSection
	GlobalSection(SolutionProperties) = preSolution
		HideSolutionNode = FALSE
	EndGlobalSection
	GlobalSection(ExtensibilityGlobals) = postSolution
		SolutionGuid = {86EB4E83-7188-459D-8A1F-123410B2CADD}
	EndGlobalSection
EndGlobal
